# Auto-generated by dotagents. Do not edit.
version = 1

[skills.github-issue]
source = "Sadotu/agent-skills"
resolved_url = "https://github.com/Sadotu/agent-skills"
resolved_path = "skills/github-issue"
resolved_commit = "16776ae9af72d1cb00e2f8550c4a9dfc0856a6ca"

[skills.github-pr-cleanup]
source = "Sadotu/agent-skills"
resolved_url = "https://github.com/Sadotu/agent-skills"
resolved_path = "skills/github-pr-cleanup"
resolved_commit = "16776ae9af72d1cb00e2f8550c4a9dfc0856a6ca"

[skills.review-pr]
source = "Sadotu/agent-skills"
resolved_url = "https://github.com/Sadotu/agent-skills"
resolved_path = "skills/review-pr"
resolved_commit = "16776ae9af72d1cb00e2f8550c4a9dfc0856a6ca"

[skills.setup]
source = "Sadotu/agent-skills"
resolved_url = "https://github.com/Sadotu/agent-skills"
resolved_path = "skills/setup"
resolved_commit = "16776ae9af72d1cb00e2f8550c4a9dfc0856a6ca"
