# Auto-generated by dotagents. Do not edit.
version = 1

[skills.github-issue]
source = "Sadotu/agent-skills"
resolved_url = "https://github.com/Sadotu/agent-skills"
resolved_path = "skills/github-issue"
resolved_commit = "ff10b4a2b683be5f75ddb990f205c4b0cdb7dfca"

[skills.setup]
source = "Sadotu/agent-skills"
resolved_url = "https://github.com/Sadotu/agent-skills"
resolved_path = "skills/setup"
resolved_commit = "ff10b4a2b683be5f75ddb990f205c4b0cdb7dfca"
