# Auto-generated by dotagents. Do not edit.
version = 1

[skills.github-issue]
source = "Sadotu/agent-skills"
resolved_url = "https://github.com/Sadotu/agent-skills"
resolved_path = "skills/github-issue"
resolved_commit = "ecfd038bb2f79690f9e27abfd7503a9963effcd0"

[skills.review-pr]
source = "Sadotu/agent-skills"
resolved_url = "https://github.com/Sadotu/agent-skills"
resolved_path = "skills/review-pr"
resolved_commit = "1593e68460bbe4849db1f00e26ee7d1ee8a8f794"

[skills.setup]
source = "Sadotu/agent-skills"
resolved_url = "https://github.com/Sadotu/agent-skills"
resolved_path = "skills/setup"
resolved_commit = "1593e68460bbe4849db1f00e26ee7d1ee8a8f794"
